
Microsoft Visual Studio Solution File, Format Version 12.00
# Visual Studio Version 17
VisualStudioVersion = 17.7.34221.43
MinimumVisualStudioVersion = 10.0.40219.1
Project("{9A19103F-16F7-4668-BE54-9A1E7A4F7556}") = "Descope", "Descope.csproj", "{B2EBA0EC-66DF-484A-A140-1937AF5F90CF}"
EndProject
Project("{9A19103F-16F7-4668-BE54-9A1E7A4F7556}") = "Descope.Test", "..\Descope.Test\Descope.Test.csproj", "{2342D0A7-D9EE-4A31-9BA9-0294147938B4}"
EndProject
Global
	GlobalSection(SolutionConfigurationPlatforms) = preSolution
		Debug|Any CPU = Debug|Any CPU
		Release|Any CPU = Release|Any CPU
	EndGlobalSection
	GlobalSection(ProjectConfigurationPlatforms) = postSolution
		{B2EBA0EC-66DF-484A-A140-1937AF5F90CF}.Debug|Any CPU.ActiveCfg = Debug|Any CPU
		{B2EBA0EC-66DF-484A-A140-1937AF5F90CF}.Debug|Any CPU.Build.0 = Debug|Any CPU
		{B2EBA0EC-66DF-484A-A140-1937AF5F90CF}.Release|Any CPU.ActiveCfg = Release|Any CPU
		{B2EBA0EC-66DF-484A-A140-1937AF5F90CF}.Release|Any CPU.Build.0 = Release|Any CPU
		{2342D0A7-D9EE-4A31-9BA9-0294147938B4}.Debug|Any CPU.ActiveCfg = Debug|Any CPU
		{2342D0A7-D9EE-4A31-9BA9-0294147938B4}.Debug|Any CPU.Build.0 = Debug|Any CPU
		{2342D0A7-D9EE-4A31-9BA9-0294147938B4}.Release|Any CPU.ActiveCfg = Release|Any CPU
		{2342D0A7-D9EE-4A31-9BA9-0294147938B4}.Release|Any CPU.Build.0 = Release|Any CPU
	EndGlobalSection
	GlobalSection(SolutionProperties) = preSolution
		HideSolutionNode = FALSE
	EndGlobalSection
	GlobalSection(ExtensibilityGlobals) = postSolution
		SolutionGuid = {FEFAFD62-DCCD-488B-9ED9-9A7DDBF9CEFA}
	EndGlobalSection
EndGlobal
