{
  "version": 1,
  "dependencies": {
    "net6.0": {
      "Newtonsoft.Json": {
        "type": "Direct",
        "requested": "[13.0.3, )",
        "resolved": "13.0.3",
        "contentHash": "HrC5BXdl00IP9zeV+0Z848QWPAoCr9P3bDEZguI+gkLcBKAOxix/tLEAAHC+UvDNPv4a2d18lOReHMOagPa+zQ=="
      },
      "RestSharp": {
        "type": "Direct",
        "requested": "[112.1.0, )",
        "resolved": "112.1.0",
        "contentHash": "bOUGNZqhhv/QeCXHTKEUil846yBjwWXpzPKjO67kFvaAOoF361z7jLY5BMnuZ6WD2WQRA750sNMcK7MSPCQ5Mg=="
      },
      "System.IdentityModel.Tokens.Jwt": {
        "type": "Direct",
        "requested": "[8.6.0, )",
        "resolved": "8.6.0",
        "contentHash": "PbhxMaAejQ5pVStTsMPzja0Q2FOeEIOQy8isxw2tTxduqIjWRJ+P78bWGpaXH67Tkeb+2t91YBj2stXEw6vyZQ==",
        "dependencies": {
          "Microsoft.IdentityModel.JsonWebTokens": "8.6.0",
          "Microsoft.IdentityModel.Tokens": "8.6.0"
        }
      },
      "Microsoft.Bcl.AsyncInterfaces": {
        "type": "Transitive",
        "resolved": "8.0.0",
        "contentHash": "3WA9q9yVqJp222P3x1wYIGDAkpjAku0TMUaaQV22g6L67AI0LdOIrVS7Ht2vJfLHGSPVuqN94vIr15qn+HEkHw=="
      },
      "Microsoft.Bcl.Memory": {
        "type": "Transitive",
        "resolved": "9.0.0",
        "contentHash": "bTUtGfpGyJnohQzjdXbtc7MqNzkv7CWUSRz54+ucNm0i32rZiIU0VdVPHDBShOl1qhVKRjW8mnEBz3d2vH93tQ==",
        "dependencies": {
          "System.Runtime.CompilerServices.Unsafe": "6.0.0"
        }
      },
      "Microsoft.Bcl.TimeProvider": {
        "type": "Transitive",
        "resolved": "8.0.1",
        "contentHash": "C7kWHJnMRY7EvJev2S8+yJHZ1y7A4ZlLbA4NE+O23BDIAN5mHeqND1m+SKv1ChRS5YlCDW7yAMUe7lttRsJaAA==",
        "dependencies": {
          "Microsoft.Bcl.AsyncInterfaces": "8.0.0"
        }
      },
      "Microsoft.Extensions.Logging.Abstractions": {
        "type": "Transitive",
        "resolved": "6.0.0",
        "contentHash": "/HggWBbTwy8TgebGSX5DBZ24ndhzi93sHUBDvP1IxbZD7FDokYzdAr6+vbWGjw2XAfR2EJ1sfKUotpjHnFWPxA=="
      },
      "Microsoft.IdentityModel.Abstractions": {
        "type": "Transitive",
        "resolved": "8.6.0",
        "contentHash": "ewgV0sc2B3tjes8+OCRGE08Uxsey3qFfOD8vNq2gTs9k0/zPZ0MejK7Cb/eAW2c2Oz+IQHqgZkTycrAKYBD5yw=="
      },
      "Microsoft.IdentityModel.JsonWebTokens": {
        "type": "Transitive",
        "resolved": "8.6.0",
        "contentHash": "g/CFN/OzAhJb9a94ep6/xv4b9fOUL8heFkKDwC/HNb17tUDOIPN5iVawisfZ0p1xjJlmVyYWIggnECqIfX8Rfw==",
        "dependencies": {
          "Microsoft.Bcl.TimeProvider": "8.0.1",
          "Microsoft.IdentityModel.Tokens": "8.6.0"
        }
      },
      "Microsoft.IdentityModel.Logging": {
        "type": "Transitive",
        "resolved": "8.6.0",
        "contentHash": "PqkPSoENwbGQenGQT270hZIt5p36Ta4YwDla4QId6LdqCeUDus63OChHBv+3AgujFVeBJlRrvmkN7H+Lug+u0g==",
        "dependencies": {
          "Microsoft.IdentityModel.Abstractions": "8.6.0"
        }
      },
      "Microsoft.IdentityModel.Tokens": {
        "type": "Transitive",
        "resolved": "8.6.0",
        "contentHash": "ga4ASKm8EezJ+Oj4uvTNE0xjIWy27Ix5pOZz737CnLzxv7ClFnelX+YWbFuiO1Qj2zVoIpsPqKJRGHGlpFF6eQ==",
        "dependencies": {
          "Microsoft.Bcl.Memory": "9.0.0",
          "Microsoft.Bcl.TimeProvider": "8.0.1",
          "Microsoft.Extensions.Logging.Abstractions": "6.0.0",
          "Microsoft.IdentityModel.Logging": "8.6.0"
        }
      },
      "System.Runtime.CompilerServices.Unsafe": {
        "type": "Transitive",
        "resolved": "6.0.0",
        "contentHash": "/iUeP3tq1S0XdNNoMz5C9twLSrM/TH+qElHkXWaPvuNOt+99G75NrV0OS2EqHx5wMN7popYjpc8oTjC1y16DLg=="
      }
    },
    "net8.0": {
      "Newtonsoft.Json": {
        "type": "Direct",
        "requested": "[13.0.3, )",
        "resolved": "13.0.3",
        "contentHash": "HrC5BXdl00IP9zeV+0Z848QWPAoCr9P3bDEZguI+gkLcBKAOxix/tLEAAHC+UvDNPv4a2d18lOReHMOagPa+zQ=="
      },
      "RestSharp": {
        "type": "Direct",
        "requested": "[112.1.0, )",
        "resolved": "112.1.0",
        "contentHash": "bOUGNZqhhv/QeCXHTKEUil846yBjwWXpzPKjO67kFvaAOoF361z7jLY5BMnuZ6WD2WQRA750sNMcK7MSPCQ5Mg=="
      },
      "System.IdentityModel.Tokens.Jwt": {
        "type": "Direct",
        "requested": "[8.6.0, )",
        "resolved": "8.6.0",
        "contentHash": "PbhxMaAejQ5pVStTsMPzja0Q2FOeEIOQy8isxw2tTxduqIjWRJ+P78bWGpaXH67Tkeb+2t91YBj2stXEw6vyZQ==",
        "dependencies": {
          "Microsoft.IdentityModel.JsonWebTokens": "8.6.0",
          "Microsoft.IdentityModel.Tokens": "8.6.0"
        }
      },
      "Microsoft.Bcl.Memory": {
        "type": "Transitive",
        "resolved": "9.0.0",
        "contentHash": "bTUtGfpGyJnohQzjdXbtc7MqNzkv7CWUSRz54+ucNm0i32rZiIU0VdVPHDBShOl1qhVKRjW8mnEBz3d2vH93tQ=="
      },
      "Microsoft.Extensions.DependencyInjection.Abstractions": {
        "type": "Transitive",
        "resolved": "8.0.0",
        "contentHash": "cjWrLkJXK0rs4zofsK4bSdg+jhDLTaxrkXu4gS6Y7MAlCvRyNNgwY/lJi5RDlQOnSZweHqoyvgvbdvQsRIW+hg=="
      },
      "Microsoft.Extensions.Logging.Abstractions": {
        "type": "Transitive",
        "resolved": "8.0.0",
        "contentHash": "arDBqTgFCyS0EvRV7O3MZturChstm50OJ0y9bDJvAcmEPJm0FFpFyjU/JLYyStNGGey081DvnQYlncNX5SJJGA==",
        "dependencies": {
          "Microsoft.Extensions.DependencyInjection.Abstractions": "8.0.0"
        }
      },
      "Microsoft.IdentityModel.Abstractions": {
        "type": "Transitive",
        "resolved": "8.6.0",
        "contentHash": "ewgV0sc2B3tjes8+OCRGE08Uxsey3qFfOD8vNq2gTs9k0/zPZ0MejK7Cb/eAW2c2Oz+IQHqgZkTycrAKYBD5yw=="
      },
      "Microsoft.IdentityModel.JsonWebTokens": {
        "type": "Transitive",
        "resolved": "8.6.0",
        "contentHash": "g/CFN/OzAhJb9a94ep6/xv4b9fOUL8heFkKDwC/HNb17tUDOIPN5iVawisfZ0p1xjJlmVyYWIggnECqIfX8Rfw==",
        "dependencies": {
          "Microsoft.IdentityModel.Tokens": "8.6.0"
        }
      },
      "Microsoft.IdentityModel.Logging": {
        "type": "Transitive",
        "resolved": "8.6.0",
        "contentHash": "PqkPSoENwbGQenGQT270hZIt5p36Ta4YwDla4QId6LdqCeUDus63OChHBv+3AgujFVeBJlRrvmkN7H+Lug+u0g==",
        "dependencies": {
          "Microsoft.IdentityModel.Abstractions": "8.6.0"
        }
      },
      "Microsoft.IdentityModel.Tokens": {
        "type": "Transitive",
        "resolved": "8.6.0",
        "contentHash": "ga4ASKm8EezJ+Oj4uvTNE0xjIWy27Ix5pOZz737CnLzxv7ClFnelX+YWbFuiO1Qj2zVoIpsPqKJRGHGlpFF6eQ==",
        "dependencies": {
          "Microsoft.Bcl.Memory": "9.0.0",
          "Microsoft.Extensions.Logging.Abstractions": "8.0.0",
          "Microsoft.IdentityModel.Logging": "8.6.0"
        }
      }
    }
  }
}