{
  "version": 1,
  "dependencies": {
    "net6.0": {
      "Newtonsoft.Json": {
        "type": "Direct",
        "requested": "[13.0.3, )",
        "resolved": "13.0.3",
        "contentHash": "HrC5BXdl00IP9zeV+0Z848QWPAoCr9P3bDEZguI+gkLcBKAOxix/tLEAAHC+UvDNPv4a2d18lOReHMOagPa+zQ=="
      },
      "RestSharp": {
        "type": "Direct",
        "requested": "[110.2.0, )",
        "resolved": "110.2.0",
        "contentHash": "FXGw0IMcqY7yO/hzS9QrD3iNswNgb9UxJnxWmfOxmGs4kRlZWqdtBoGPLuhlbgsDzX1RFo4WKui8TGGKXWKalw==",
        "dependencies": {
          "System.Text.Json": "7.0.2"
        }
      },
      "System.IdentityModel.Tokens.Jwt": {
        "type": "Direct",
        "requested": "[7.3.1, )",
        "resolved": "7.3.1",
        "contentHash": "iE8biOWyAC1NnYcZGcgXErNACvIQ6Gcmg5s28gsjVbyyYdF9NdKsYzAPAsO3KGK86EQjpToI1AO82XbG8chkzA==",
        "dependencies": {
          "Microsoft.IdentityModel.JsonWebTokens": "7.3.1",
          "Microsoft.IdentityModel.Tokens": "7.3.1"
        }
      },
      "Microsoft.IdentityModel.Abstractions": {
        "type": "Transitive",
        "resolved": "7.3.1",
        "contentHash": "gIw8Sr5ZpuzKFBTfJonh2F54DivTzm5IIK15QB4Y6uE30uQdEO1NnCojTC/b6sWZoZzD0sdBa6SqwMXhucD+nA=="
      },
      "Microsoft.IdentityModel.JsonWebTokens": {
        "type": "Transitive",
        "resolved": "7.3.1",
        "contentHash": "mXA6AoaD5uZqtsKghgRiupBhyXNii8p9F2BjNLnDGud0tZLS5+4Fio2YAGjFXhnkc80CqgQ61X5U1gUNnDEoKQ==",
        "dependencies": {
          "Microsoft.IdentityModel.Tokens": "7.3.1"
        }
      },
      "Microsoft.IdentityModel.Logging": {
        "type": "Transitive",
        "resolved": "7.3.1",
        "contentHash": "uPt2aiRUCbcOc0Wk+dDCSClFfPNs3S3Z7fmy50MoxJ1mGmtVUDMpyRJeYzZ/16x4rL19T+g2zrzjcWoitp5+gQ==",
        "dependencies": {
          "Microsoft.IdentityModel.Abstractions": "7.3.1"
        }
      },
      "Microsoft.IdentityModel.Tokens": {
        "type": "Transitive",
        "resolved": "7.3.1",
        "contentHash": "/c/p8/3CAH706c0ii5uTgSb/8M/jwyuurtdMeKTBeKFU9aA+EZrLu1M8aaS3CSlGaxoxsoaxr4/+KXykgQ4VgQ==",
        "dependencies": {
          "Microsoft.IdentityModel.Logging": "7.3.1"
        }
      },
      "System.Runtime.CompilerServices.Unsafe": {
        "type": "Transitive",
        "resolved": "6.0.0",
        "contentHash": "/iUeP3tq1S0XdNNoMz5C9twLSrM/TH+qElHkXWaPvuNOt+99G75NrV0OS2EqHx5wMN7popYjpc8oTjC1y16DLg=="
      },
      "System.Text.Encodings.Web": {
        "type": "Transitive",
        "resolved": "7.0.0",
        "contentHash": "OP6umVGxc0Z0MvZQBVigj4/U31Pw72ITihDWP9WiWDm+q5aoe0GaJivsfYGq53o6dxH7DcXWiCTl7+0o2CGdmg==",
        "dependencies": {
          "System.Runtime.CompilerServices.Unsafe": "6.0.0"
        }
      },
      "System.Text.Json": {
        "type": "Transitive",
        "resolved": "7.0.2",
        "contentHash": "/LZf/JrGyilojqwpaywb+sSz8Tew7ij4K/Sk+UW8AKfAK7KRhR6mKpKtTm06cYA7bCpGTWfYksIW+mVsdxPegQ==",
        "dependencies": {
          "System.Runtime.CompilerServices.Unsafe": "6.0.0",
          "System.Text.Encodings.Web": "7.0.0"
        }
      }
    }
  }
}