
Microsoft Visual Studio Solution File, Format Version 12.00
# Visual Studio Version 17
VisualStudioVersion = 17.5.002.0
MinimumVisualStudioVersion = 10.0.40219.1
Project("{9A19103F-16F7-4668-BE54-9A1E7A4F7556}") = "Descope.Test", "Descope.Test.csproj", "{E2E0EF99-CE4C-40BA-8A8E-532F14D47F7A}"
EndProject
Global
	GlobalSection(SolutionConfigurationPlatforms) = preSolution
		Debug|Any CPU = Debug|Any CPU
		Release|Any CPU = Release|Any CPU
	EndGlobalSection
	GlobalSection(ProjectConfigurationPlatforms) = postSolution
		{E2E0EF99-CE4C-40BA-8A8E-532F14D47F7A}.Debug|Any CPU.ActiveCfg = Debug|Any CPU
		{E2E0EF99-CE4C-40BA-8A8E-532F14D47F7A}.Debug|Any CPU.Build.0 = Debug|Any CPU
		{E2E0EF99-CE4C-40BA-8A8E-532F14D47F7A}.Release|Any CPU.ActiveCfg = Release|Any CPU
		{E2E0EF99-CE4C-40BA-8A8E-532F14D47F7A}.Release|Any CPU.Build.0 = Release|Any CPU
	EndGlobalSection
	GlobalSection(SolutionProperties) = preSolution
		HideSolutionNode = FALSE
	EndGlobalSection
	GlobalSection(ExtensibilityGlobals) = postSolution
		SolutionGuid = {18F8C6D8-027A-45D4-BFFC-ABFF27D9416F}
	EndGlobalSection
EndGlobal
